
Microsoft Visual Studio Solution File, Format Version 12.00
# Visual Studio Version 16
VisualStudioVersion = 16.0.31624.102
MinimumVisualStudioVersion = 10.0.40219.1
Project("{9A19103F-16F7-4668-BE54-9A1E7A4F7556}") = "TicTacToe.View", "TicTacToe\TicTacToe.View.csproj", "{25C2BBE5-07AC-45E1-B51E-D97D4CA0A582}"
EndProject
Project("{9A19103F-16F7-4668-BE54-9A1E7A4F7556}") = "TicTacToe.MachinePlayer", "TicTacToe.MachinePlayer\TicTacToe.MachinePlayer.csproj", "{A711C17E-C3E3-4045-AEA1-A0248A1DB97B}"
EndProject
Project("{9A19103F-16F7-4668-BE54-9A1E7A4F7556}") = "TicTacToe.Core", "TicTacToe.Core\TicTacToe.Core.csproj", "{CE25C63E-0EB5-4855-94E6-3A8B42420A5D}"
EndProject
Project("{FAE04EC0-301F-11D3-BF4B-00C04F79EFBC}") = "TicTacToe.HumanPlayer", "HumanPlayer\TicTacToe.HumanPlayer.csproj", "{C6818685-53FE-40C1-89B5-971059F4CCD0}"
EndProject
Global
	GlobalSection(SolutionConfigurationPlatforms) = preSolution
		Debug|Any CPU = Debug|Any CPU
		Release|Any CPU = Release|Any CPU
	EndGlobalSection
	GlobalSection(ProjectConfigurationPlatforms) = postSolution
		{25C2BBE5-07AC-45E1-B51E-D97D4CA0A582}.Debug|Any CPU.ActiveCfg = Debug|Any CPU
		{25C2BBE5-07AC-45E1-B51E-D97D4CA0A582}.Debug|Any CPU.Build.0 = Debug|Any CPU
		{25C2BBE5-07AC-45E1-B51E-D97D4CA0A582}.Release|Any CPU.ActiveCfg = Release|Any CPU
		{25C2BBE5-07AC-45E1-B51E-D97D4CA0A582}.Release|Any CPU.Build.0 = Release|Any CPU
		{A711C17E-C3E3-4045-AEA1-A0248A1DB97B}.Debug|Any CPU.ActiveCfg = Debug|Any CPU
		{A711C17E-C3E3-4045-AEA1-A0248A1DB97B}.Debug|Any CPU.Build.0 = Debug|Any CPU
		{A711C17E-C3E3-4045-AEA1-A0248A1DB97B}.Release|Any CPU.ActiveCfg = Release|Any CPU
		{A711C17E-C3E3-4045-AEA1-A0248A1DB97B}.Release|Any CPU.Build.0 = Release|Any CPU
		{CE25C63E-0EB5-4855-94E6-3A8B42420A5D}.Debug|Any CPU.ActiveCfg = Debug|Any CPU
		{CE25C63E-0EB5-4855-94E6-3A8B42420A5D}.Debug|Any CPU.Build.0 = Debug|Any CPU
		{CE25C63E-0EB5-4855-94E6-3A8B42420A5D}.Release|Any CPU.ActiveCfg = Release|Any CPU
		{CE25C63E-0EB5-4855-94E6-3A8B42420A5D}.Release|Any CPU.Build.0 = Release|Any CPU
		{C6818685-53FE-40C1-89B5-971059F4CCD0}.Debug|Any CPU.ActiveCfg = Debug|Any CPU
		{C6818685-53FE-40C1-89B5-971059F4CCD0}.Debug|Any CPU.Build.0 = Debug|Any CPU
		{C6818685-53FE-40C1-89B5-971059F4CCD0}.Release|Any CPU.ActiveCfg = Release|Any CPU
		{C6818685-53FE-40C1-89B5-971059F4CCD0}.Release|Any CPU.Build.0 = Release|Any CPU
	EndGlobalSection
	GlobalSection(SolutionProperties) = preSolution
		HideSolutionNode = FALSE
	EndGlobalSection
	GlobalSection(ExtensibilityGlobals) = postSolution
		SolutionGuid = {D7E1DBC0-8DF7-41E6-80C4-189A612CB28D}
	EndGlobalSection
EndGlobal
